// !$*UTF8*$!
{
	archiveVersion = 1;
	classes = {
	};
	objectVersion = 46;
	objects = {

/* Begin PBXBuildFile section */
		7D5D6F6619F7B7030024311A /* main.m in Sources */ = {isa = PBXBuildFile; fileRef = 7D5D6F6519F7B7030024311A /* main.m */; };
		7D5D6F6919F7B7030024311A /* AppDelegate.m in Sources */ = {isa = PBXBuildFile; fileRef = 7D5D6F6819F7B7030024311A /* AppDelegate.m */; };
		7D5D6F6F19F7B7030024311A /* Main.storyboard in Resources */ = {isa = PBXBuildFile; fileRef = 7D5D6F6D19F7B7030024311A /* Main.storyboard */; };
		7D5D6F7119F7B7030024311A /* Images.xcassets in Resources */ = {isa = PBXBuildFile; fileRef = 7D5D6F7019F7B7030024311A /* Images.xcassets */; };
		7D5D6F7419F7B7030024311A /* LaunchScreen.xib in Resources */ = {isa = PBXBuildFile; fileRef = 7D5D6F7219F7B7030024311A /* LaunchScreen.xib */; };
		7D5D6F8019F7B7030024311A /* iOS8SelfSizingCellsTests.m in Sources */ = {isa = PBXBuildFile; fileRef = 7D5D6F7F19F7B7030024311A /* iOS8SelfSizingCellsTests.m */; };
		7D5D6F9119F7BD770024311A /* InstagramFeedTableViewController.m in Sources */ = {isa = PBXBuildFile; fileRef = 7D5D6F9019F7BD770024311A /* InstagramFeedTableViewController.m */; };
		7D5D6F9419F7BD900024311A /* InstagramItem.m in Sources */ = {isa = PBXBuildFile; fileRef = 7D5D6F9319F7BD900024311A /* InstagramItem.m */; };
		7D5D6F9A19F7BDEE0024311A /* InstagramFeedTableViewCell.m in Sources */ = {isa = PBXBuildFile; fileRef = 7D5D6F9919F7BDEE0024311A /* InstagramFeedTableViewCell.m */; };
/* End PBXBuildFile section */

/* Begin PBXContainerItemProxy section */
		7D5D6F7A19F7B7030024311A /* PBXContainerItemProxy */ = {
			isa = PBXContainerItemProxy;
			containerPortal = 7D5D6F5819F7B7020024311A /* Project object */;
			proxyType = 1;
			remoteGlobalIDString = 7D5D6F5F19F7B7020024311A;
			remoteInfo = iOS8SelfSizingCells;
		};
/* End PBXContainerItemProxy section */

/* Begin PBXFileReference section */
		7D5D6F6019F7B7030024311A /* iOS8SelfSizingCells.app */ = {isa = PBXFileReference; explicitFileType = wrapper.application; includeInIndex = 0; path = iOS8SelfSizingCells.app; sourceTree = BUILT_PRODUCTS_DIR; };
		7D5D6F6419F7B7030024311A /* Info.plist */ = {isa = PBXFileReference; lastKnownFileType = text.plist.xml; path = Info.plist; sourceTree = "<group>"; };
		7D5D6F6519F7B7030024311A /* main.m */ = {isa = PBXFileReference; lastKnownFileType = sourcecode.c.objc; path = main.m; sourceTree = "<group>"; };
		7D5D6F6719F7B7030024311A /* AppDelegate.h */ = {isa = PBXFileReference; lastKnownFileType = sourcecode.c.h; path = AppDelegate.h; sourceTree = "<group>"; };
		7D5D6F6819F7B7030024311A /* AppDelegate.m */ = {isa = PBXFileReference; lastKnownFileType = sourcecode.c.objc; path = AppDelegate.m; sourceTree = "<group>"; };
		7D5D6F6E19F7B7030024311A /* Base */ = {isa = PBXFileReference; lastKnownFileType = file.storyboard; name = Base; path = Base.lproj/Main.storyboard; sourceTree = "<group>"; };
		7D5D6F7019F7B7030024311A /* Images.xcassets */ = {isa = PBXFileReference; lastKnownFileType = folder.assetcatalog; path = Images.xcassets; sourceTree = "<group>"; };
		7D5D6F7319F7B7030024311A /* Base */ = {isa = PBXFileReference; lastKnownFileType = file.xib; name = Base; path = Base.lproj/LaunchScreen.xib; sourceTree = "<group>"; };
		7D5D6F7919F7B7030024311A /* iOS8SelfSizingCellsTests.xctest */ = {isa = PBXFileReference; explicitFileType = wrapper.cfbundle; includeInIndex = 0; path = iOS8SelfSizingCellsTests.xctest; sourceTree = BUILT_PRODUCTS_DIR; };
		7D5D6F7E19F7B7030024311A /* Info.plist */ = {isa = PBXFileReference; lastKnownFileType = text.plist.xml; path = Info.plist; sourceTree = "<group>"; };
		7D5D6F7F19F7B7030024311A /* iOS8SelfSizingCellsTests.m */ = {isa = PBXFileReference; lastKnownFileType = sourcecode.c.objc; path = iOS8SelfSizingCellsTests.m; sourceTree = "<group>"; };
		7D5D6F8F19F7BD770024311A /* InstagramFeedTableViewController.h */ = {isa = PBXFileReference; fileEncoding = 4; lastKnownFileType = sourcecode.c.h; path = InstagramFeedTableViewController.h; sourceTree = "<group>"; };
		7D5D6F9019F7BD770024311A /* InstagramFeedTableViewController.m */ = {isa = PBXFileReference; fileEncoding = 4; lastKnownFileType = sourcecode.c.objc; path = InstagramFeedTableViewController.m; sourceTree = "<group>"; };
		7D5D6F9219F7BD900024311A /* InstagramItem.h */ = {isa = PBXFileReference; fileEncoding = 4; lastKnownFileType = sourcecode.c.h; path = InstagramItem.h; sourceTree = "<group>"; };
		7D5D6F9319F7BD900024311A /* InstagramItem.m */ = {isa = PBXFileReference; fileEncoding = 4; lastKnownFileType = sourcecode.c.objc; path = InstagramItem.m; sourceTree = "<group>"; };
		7D5D6F9819F7BDEE0024311A /* InstagramFeedTableViewCell.h */ = {isa = PBXFileReference; fileEncoding = 4; lastKnownFileType = sourcecode.c.h; path = InstagramFeedTableViewCell.h; sourceTree = "<group>"; };
		7D5D6F9919F7BDEE0024311A /* InstagramFeedTableViewCell.m */ = {isa = PBXFileReference; fileEncoding = 4; lastKnownFileType = sourcecode.c.objc; path = InstagramFeedTableViewCell.m; sourceTree = "<group>"; };
/* End PBXFileReference section */

/* Begin PBXFrameworksBuildPhase section */
		7D5D6F5D19F7B7020024311A /* Frameworks */ = {
			isa = PBXFrameworksBuildPhase;
			buildActionMask = 2147483647;
			files = (
			);
			runOnlyForDeploymentPostprocessing = 0;
		};
		7D5D6F7619F7B7030024311A /* Frameworks */ = {
			isa = PBXFrameworksBuildPhase;
			buildActionMask = 2147483647;
			files = (
			);
			runOnlyForDeploymentPostprocessing = 0;
		};
/* End PBXFrameworksBuildPhase section */

/* Begin PBXGroup section */
		7D5D6F5719F7B7020024311A = {
			isa = PBXGroup;
			children = (
				7D5D6F6219F7B7030024311A /* iOS8SelfSizingCells */,
				7D5D6F7C19F7B7030024311A /* iOS8SelfSizingCellsTests */,
				7D5D6F6119F7B7030024311A /* Products */,
			);
			sourceTree = "<group>";
		};
		7D5D6F6119F7B7030024311A /* Products */ = {
			isa = PBXGroup;
			children = (
				7D5D6F6019F7B7030024311A /* iOS8SelfSizingCells.app */,
				7D5D6F7919F7B7030024311A /* iOS8SelfSizingCellsTests.xctest */,
			);
			name = Products;
			sourceTree = "<group>";
		};
		7D5D6F6219F7B7030024311A /* iOS8SelfSizingCells */ = {
			isa = PBXGroup;
			children = (
				7D5D6F6719F7B7030024311A /* AppDelegate.h */,
				7D5D6F6819F7B7030024311A /* AppDelegate.m */,
				7D5D6F8D19F7BD6A0024311A /* Model */,
				7D5D6F8E19F7BD6A0024311A /* View */,
				7D5D6F8C19F7BD6A0024311A /* Controller */,
				7D5D6F6D19F7B7030024311A /* Main.storyboard */,
				7D5D6F7019F7B7030024311A /* Images.xcassets */,
				7D5D6F7219F7B7030024311A /* LaunchScreen.xib */,
				7D5D6F6319F7B7030024311A /* Supporting Files */,
			);
			path = iOS8SelfSizingCells;
			sourceTree = "<group>";
		};
		7D5D6F6319F7B7030024311A /* Supporting Files */ = {
			isa = PBXGroup;
			children = (
				7D5D6F6419F7B7030024311A /* Info.plist */,
				7D5D6F6519F7B7030024311A /* main.m */,
			);
			name = "Supporting Files";
			sourceTree = "<group>";
		};
		7D5D6F7C19F7B7030024311A /* iOS8SelfSizingCellsTests */ = {
			isa = PBXGroup;
			children = (
				7D5D6F7F19F7B7030024311A /* iOS8SelfSizingCellsTests.m */,
				7D5D6F7D19F7B7030024311A /* Supporting Files */,
			);
			path = iOS8SelfSizingCellsTests;
			sourceTree = "<group>";
		};
		7D5D6F7D19F7B7030024311A /* Supporting Files */ = {
			isa = PBXGroup;
			children = (
				7D5D6F7E19F7B7030024311A /* Info.plist */,
			);
			name = "Supporting Files";
			sourceTree = "<group>";
		};
		7D5D6F8C19F7BD6A0024311A /* Controller */ = {
			isa = PBXGroup;
			children = (
				7D5D6F8F19F7BD770024311A /* InstagramFeedTableViewController.h */,
				7D5D6F9019F7BD770024311A /* InstagramFeedTableViewController.m */,
			);
			path = Controller;
			sourceTree = "<group>";
		};
		7D5D6F8D19F7BD6A0024311A /* Model */ = {
			isa = PBXGroup;
			children = (
				7D5D6F9219F7BD900024311A /* InstagramItem.h */,
				7D5D6F9319F7BD900024311A /* InstagramItem.m */,
			);
			path = Model;
			sourceTree = "<group>";
		};
		7D5D6F8E19F7BD6A0024311A /* View */ = {
			isa = PBXGroup;
			children = (
				7D5D6F9819F7BDEE0024311A /* InstagramFeedTableViewCell.h */,
				7D5D6F9919F7BDEE0024311A /* InstagramFeedTableViewCell.m */,
			);
			path = View;
			sourceTree = "<group>";
		};
/* End PBXGroup section */

/* Begin PBXNativeTarget section */
		7D5D6F5F19F7B7020024311A /* iOS8SelfSizingCells */ = {
			isa = PBXNativeTarget;
			buildConfigurationList = 7D5D6F8319F7B7030024311A /* Build configuration list for PBXNativeTarget "iOS8SelfSizingCells" */;
			buildPhases = (
				7D5D6F5C19F7B7020024311A /* Sources */,
				7D5D6F5D19F7B7020024311A /* Frameworks */,
				7D5D6F5E19F7B7020024311A /* Resources */,
			);
			buildRules = (
			);
			dependencies = (
			);
			name = iOS8SelfSizingCells;
			productName = iOS8SelfSizingCells;
			productReference = 7D5D6F6019F7B7030024311A /* iOS8SelfSizingCells.app */;
			productType = "com.apple.product-type.application";
		};
		7D5D6F7819F7B7030024311A /* iOS8SelfSizingCellsTests */ = {
			isa = PBXNativeTarget;
			buildConfigurationList = 7D5D6F8619F7B7030024311A /* Build configuration list for PBXNativeTarget "iOS8SelfSizingCellsTests" */;
			buildPhases = (
				7D5D6F7519F7B7030024311A /* Sources */,
				7D5D6F7619F7B7030024311A /* Frameworks */,
				7D5D6F7719F7B7030024311A /* Resources */,
			);
			buildRules = (
			);
			dependencies = (
				7D5D6F7B19F7B7030024311A /* PBXTargetDependency */,
			);
			name = iOS8SelfSizingCellsTests;
			productName = iOS8SelfSizingCellsTests;
			productReference = 7D5D6F7919F7B7030024311A /* iOS8SelfSizingCellsTests.xctest */;
			productType = "com.apple.product-type.bundle.unit-test";
		};
/* End PBXNativeTarget section */

/* Begin PBXProject section */
		7D5D6F5819F7B7020024311A /* Project object */ = {
			isa = PBXProject;
			attributes = {
				LastUpgradeCheck = 0600;
				ORGANIZATIONNAME = "广州华多网络科技有限公司 多玩事业部 iOS软件工程师 曾宪华";
				TargetAttributes = {
					7D5D6F5F19F7B7020024311A = {
						CreatedOnToolsVersion = 6.0.1;
					};
					7D5D6F7819F7B7030024311A = {
						CreatedOnToolsVersion = 6.0.1;
						TestTargetID = 7D5D6F5F19F7B7020024311A;
					};
				};
			};
			buildConfigurationList = 7D5D6F5B19F7B7020024311A /* Build configuration list for PBXProject "iOS8SelfSizingCells" */;
			compatibilityVersion = "Xcode 3.2";
			developmentRegion = English;
			hasScannedForEncodings = 0;
			knownRegions = (
				en,
				Base,
			);
			mainGroup = 7D5D6F5719F7B7020024311A;
			productRefGroup = 7D5D6F6119F7B7030024311A /* Products */;
			projectDirPath = "";
			projectRoot = "";
			targets = (
				7D5D6F5F19F7B7020024311A /* iOS8SelfSizingCells */,
				7D5D6F7819F7B7030024311A /* iOS8SelfSizingCellsTests */,
			);
		};
/* End PBXProject section */

/* Begin PBXResourcesBuildPhase section */
		7D5D6F5E19F7B7020024311A /* Resources */ = {
			isa = PBXResourcesBuildPhase;
			buildActionMask = 2147483647;
			files = (
				7D5D6F6F19F7B7030024311A /* Main.storyboard in Resources */,
				7D5D6F7419F7B7030024311A /* LaunchScreen.xib in Resources */,
				7D5D6F7119F7B7030024311A /* Images.xcassets in Resources */,
			);
			runOnlyForDeploymentPostprocessing = 0;
		};
		7D5D6F7719F7B7030024311A /* Resources */ = {
			isa = PBXResourcesBuildPhase;
			buildActionMask = 2147483647;
			files = (
			);
			runOnlyForDeploymentPostprocessing = 0;
		};
/* End PBXResourcesBuildPhase section */

/* Begin PBXSourcesBuildPhase section */
		7D5D6F5C19F7B7020024311A /* Sources */ = {
			isa = PBXSourcesBuildPhase;
			buildActionMask = 2147483647;
			files = (
				7D5D6F6919F7B7030024311A /* AppDelegate.m in Sources */,
				7D5D6F9119F7BD770024311A /* InstagramFeedTableViewController.m in Sources */,
				7D5D6F6619F7B7030024311A /* main.m in Sources */,
				7D5D6F9A19F7BDEE0024311A /* InstagramFeedTableViewCell.m in Sources */,
				7D5D6F9419F7BD900024311A /* InstagramItem.m in Sources */,
			);
			runOnlyForDeploymentPostprocessing = 0;
		};
		7D5D6F7519F7B7030024311A /* Sources */ = {
			isa = PBXSourcesBuildPhase;
			buildActionMask = 2147483647;
			files = (
				7D5D6F8019F7B7030024311A /* iOS8SelfSizingCellsTests.m in Sources */,
			);
			runOnlyForDeploymentPostprocessing = 0;
		};
/* End PBXSourcesBuildPhase section */

/* Begin PBXTargetDependency section */
		7D5D6F7B19F7B7030024311A /* PBXTargetDependency */ = {
			isa = PBXTargetDependency;
			target = 7D5D6F5F19F7B7020024311A /* iOS8SelfSizingCells */;
			targetProxy = 7D5D6F7A19F7B7030024311A /* PBXContainerItemProxy */;
		};
/* End PBXTargetDependency section */

/* Begin PBXVariantGroup section */
		7D5D6F6D19F7B7030024311A /* Main.storyboard */ = {
			isa = PBXVariantGroup;
			children = (
				7D5D6F6E19F7B7030024311A /* Base */,
			);
			name = Main.storyboard;
			sourceTree = "<group>";
		};
		7D5D6F7219F7B7030024311A /* LaunchScreen.xib */ = {
			isa = PBXVariantGroup;
			children = (
				7D5D6F7319F7B7030024311A /* Base */,
			);
			name = LaunchScreen.xib;
			sourceTree = "<group>";
		};
/* End PBXVariantGroup section */

/* Begin XCBuildConfiguration section */
		7D5D6F8119F7B7030024311A /* Debug */ = {
			isa = XCBuildConfiguration;
			buildSettings = {
				ALWAYS_SEARCH_USER_PATHS = NO;
				CLANG_CXX_LANGUAGE_STANDARD = "gnu++0x";
				CLANG_CXX_LIBRARY = "libc++";
				CLANG_ENABLE_MODULES = YES;
				CLANG_ENABLE_OBJC_ARC = YES;
				CLANG_WARN_BOOL_CONVERSION = YES;
				CLANG_WARN_CONSTANT_CONVERSION = YES;
				CLANG_WARN_DIRECT_OBJC_ISA_USAGE = YES_ERROR;
				CLANG_WARN_EMPTY_BODY = YES;
				CLANG_WARN_ENUM_CONVERSION = YES;
				CLANG_WARN_INT_CONVERSION = YES;
				CLANG_WARN_OBJC_ROOT_CLASS = YES_ERROR;
				CLANG_WARN_UNREACHABLE_CODE = YES;
				CLANG_WARN__DUPLICATE_METHOD_MATCH = YES;
				"CODE_SIGN_IDENTITY[sdk=iphoneos*]" = "iPhone Developer";
				COPY_PHASE_STRIP = NO;
				ENABLE_STRICT_OBJC_MSGSEND = YES;
				GCC_C_LANGUAGE_STANDARD = gnu99;
				GCC_DYNAMIC_NO_PIC = NO;
				GCC_OPTIMIZATION_LEVEL = 0;
				GCC_PREPROCESSOR_DEFINITIONS = (
					"DEBUG=1",
					"$(inherited)",
				);
				GCC_SYMBOLS_PRIVATE_EXTERN = NO;
				GCC_WARN_64_TO_32_BIT_CONVERSION = YES;
				GCC_WARN_ABOUT_RETURN_TYPE = YES_ERROR;
				GCC_WARN_UNDECLARED_SELECTOR = YES;
				GCC_WARN_UNINITIALIZED_AUTOS = YES_AGGRESSIVE;
				GCC_WARN_UNUSED_FUNCTION = YES;
				GCC_WARN_UNUSED_VARIABLE = YES;
				IPHONEOS_DEPLOYMENT_TARGET = 8.0;
				MTL_ENABLE_DEBUG_INFO = YES;
				ONLY_ACTIVE_ARCH = YES;
				SDKROOT = iphoneos;
				TARGETED_DEVICE_FAMILY = "1,2";
			};
			name = Debug;
		};
		7D5D6F8219F7B7030024311A /* Release */ = {
			isa = XCBuildConfiguration;
			buildSettings = {
				ALWAYS_SEARCH_USER_PATHS = NO;
				CLANG_CXX_LANGUAGE_STANDARD = "gnu++0x";
				CLANG_CXX_LIBRARY = "libc++";
				CLANG_ENABLE_MODULES = YES;
				CLANG_ENABLE_OBJC_ARC = YES;
				CLANG_WARN_BOOL_CONVERSION = YES;
				CLANG_WARN_CONSTANT_CONVERSION = YES;
				CLANG_WARN_DIRECT_OBJC_ISA_USAGE = YES_ERROR;
				CLANG_WARN_EMPTY_BODY = YES;
				CLANG_WARN_ENUM_CONVERSION = YES;
				CLANG_WARN_INT_CONVERSION = YES;
				CLANG_WARN_OBJC_ROOT_CLASS = YES_ERROR;
				CLANG_WARN_UNREACHABLE_CODE = YES;
				CLANG_WARN__DUPLICATE_METHOD_MATCH = YES;
				"CODE_SIGN_IDENTITY[sdk=iphoneos*]" = "iPhone Developer";
				COPY_PHASE_STRIP = YES;
				ENABLE_NS_ASSERTIONS = NO;
				ENABLE_STRICT_OBJC_MSGSEND = YES;
				GCC_C_LANGUAGE_STANDARD = gnu99;
				GCC_WARN_64_TO_32_BIT_CONVERSION = YES;
				GCC_WARN_ABOUT_RETURN_TYPE = YES_ERROR;
				GCC_WARN_UNDECLARED_SELECTOR = YES;
				GCC_WARN_UNINITIALIZED_AUTOS = YES_AGGRESSIVE;
				GCC_WARN_UNUSED_FUNCTION = YES;
				GCC_WARN_UNUSED_VARIABLE = YES;
				IPHONEOS_DEPLOYMENT_TARGET = 8.0;
				MTL_ENABLE_DEBUG_INFO = NO;
				SDKROOT = iphoneos;
				TARGETED_DEVICE_FAMILY = "1,2";
				VALIDATE_PRODUCT = YES;
			};
			name = Release;
		};
		7D5D6F8419F7B7030024311A /* Debug */ = {
			isa = XCBuildConfiguration;
			buildSettings = {
				ASSETCATALOG_COMPILER_APPICON_NAME = AppIcon;
				INFOPLIST_FILE = iOS8SelfSizingCells/Info.plist;
				LD_RUNPATH_SEARCH_PATHS = "$(inherited) @executable_path/Frameworks";
				PRODUCT_NAME = "$(TARGET_NAME)";
			};
			name = Debug;
		};
		7D5D6F8519F7B7030024311A /* Release */ = {
			isa = XCBuildConfiguration;
			buildSettings = {
				ASSETCATALOG_COMPILER_APPICON_NAME = AppIcon;
				INFOPLIST_FILE = iOS8SelfSizingCells/Info.plist;
				LD_RUNPATH_SEARCH_PATHS = "$(inherited) @executable_path/Frameworks";
				PRODUCT_NAME = "$(TARGET_NAME)";
			};
			name = Release;
		};
		7D5D6F8719F7B7030024311A /* Debug */ = {
			isa = XCBuildConfiguration;
			buildSettings = {
				BUNDLE_LOADER = "$(TEST_HOST)";
				FRAMEWORK_SEARCH_PATHS = (
					"$(SDKROOT)/Developer/Library/Frameworks",
					"$(inherited)",
				);
				GCC_PREPROCESSOR_DEFINITIONS = (
					"DEBUG=1",
					"$(inherited)",
				);
				INFOPLIST_FILE = iOS8SelfSizingCellsTests/Info.plist;
				LD_RUNPATH_SEARCH_PATHS = "$(inherited) @executable_path/Frameworks @loader_path/Frameworks";
				PRODUCT_NAME = "$(TARGET_NAME)";
				TEST_HOST = "$(BUILT_PRODUCTS_DIR)/iOS8SelfSizingCells.app/iOS8SelfSizingCells";
			};
			name = Debug;
		};
		7D5D6F8819F7B7030024311A /* Release */ = {
			isa = XCBuildConfiguration;
			buildSettings = {
				BUNDLE_LOADER = "$(TEST_HOST)";
				FRAMEWORK_SEARCH_PATHS = (
					"$(SDKROOT)/Developer/Library/Frameworks",
					"$(inherited)",
				);
				INFOPLIST_FILE = iOS8SelfSizingCellsTests/Info.plist;
				LD_RUNPATH_SEARCH_PATHS = "$(inherited) @executable_path/Frameworks @loader_path/Frameworks";
				PRODUCT_NAME = "$(TARGET_NAME)";
				TEST_HOST = "$(BUILT_PRODUCTS_DIR)/iOS8SelfSizingCells.app/iOS8SelfSizingCells";
			};
			name = Release;
		};
/* End XCBuildConfiguration section */

/* Begin XCConfigurationList section */
		7D5D6F5B19F7B7020024311A /* Build configuration list for PBXProject "iOS8SelfSizingCells" */ = {
			isa = XCConfigurationList;
			buildConfigurations = (
				7D5D6F8119F7B7030024311A /* Debug */,
				7D5D6F8219F7B7030024311A /* Release */,
			);
			defaultConfigurationIsVisible = 0;
			defaultConfigurationName = Release;
		};
		7D5D6F8319F7B7030024311A /* Build configuration list for PBXNativeTarget "iOS8SelfSizingCells" */ = {
			isa = XCConfigurationList;
			buildConfigurations = (
				7D5D6F8419F7B7030024311A /* Debug */,
				7D5D6F8519F7B7030024311A /* Release */,
			);
			defaultConfigurationIsVisible = 0;
		};
		7D5D6F8619F7B7030024311A /* Build configuration list for PBXNativeTarget "iOS8SelfSizingCellsTests" */ = {
			isa = XCConfigurationList;
			buildConfigurations = (
				7D5D6F8719F7B7030024311A /* Debug */,
				7D5D6F8819F7B7030024311A /* Release */,
			);
			defaultConfigurationIsVisible = 0;
		};
/* End XCConfigurationList section */
	};
	rootObject = 7D5D6F5819F7B7020024311A /* Project object */;
}
